
Microsoft Visual Studio Solution File, Format Version 12.00
# Visual Studio Version 17
VisualStudioVersion = 17.6.33829.357
MinimumVisualStudioVersion = 10.0.40219.1
Project("{FAE04EC0-301F-11D3-BF4B-00C04F79EFBC}") = "entityLayer", "entityLayer\entityLayer.csproj", "{A42D3BA7-A9C2-4FCF-924C-E2FF009A2C17}"
EndProject
Project("{FAE04EC0-301F-11D3-BF4B-00C04F79EFBC}") = "dataAccessLayer", "dataAccessLayer\dataAccessLayer.csproj", "{60F8FEFE-184A-4F8A-A5D6-BFFA18F3B037}"
EndProject
Project("{FAE04EC0-301F-11D3-BF4B-00C04F79EFBC}") = "businessLayer", "businessLayer\businessLayer.csproj", "{14BCFEA4-FEB7-4A00-B49A-24EFB0FF2C48}"
EndProject
Project("{FAE04EC0-301F-11D3-BF4B-00C04F79EFBC}") = "companyWebSiteWithCore", "companyWebSiteWithCore\companyWebSiteWithCore.csproj", "{9B22A50E-8F5F-41F2-A45F-1A2A362BEED8}"
EndProject
Global
	GlobalSection(SolutionConfigurationPlatforms) = preSolution
		Debug|Any CPU = Debug|Any CPU
		Release|Any CPU = Release|Any CPU
	EndGlobalSection
	GlobalSection(ProjectConfigurationPlatforms) = postSolution
		{A42D3BA7-A9C2-4FCF-924C-E2FF009A2C17}.Debug|Any CPU.ActiveCfg = Debug|Any CPU
		{A42D3BA7-A9C2-4FCF-924C-E2FF009A2C17}.Debug|Any CPU.Build.0 = Debug|Any CPU
		{A42D3BA7-A9C2-4FCF-924C-E2FF009A2C17}.Release|Any CPU.ActiveCfg = Release|Any CPU
		{A42D3BA7-A9C2-4FCF-924C-E2FF009A2C17}.Release|Any CPU.Build.0 = Release|Any CPU
		{60F8FEFE-184A-4F8A-A5D6-BFFA18F3B037}.Debug|Any CPU.ActiveCfg = Debug|Any CPU
		{60F8FEFE-184A-4F8A-A5D6-BFFA18F3B037}.Debug|Any CPU.Build.0 = Debug|Any CPU
		{60F8FEFE-184A-4F8A-A5D6-BFFA18F3B037}.Release|Any CPU.ActiveCfg = Release|Any CPU
		{60F8FEFE-184A-4F8A-A5D6-BFFA18F3B037}.Release|Any CPU.Build.0 = Release|Any CPU
		{14BCFEA4-FEB7-4A00-B49A-24EFB0FF2C48}.Debug|Any CPU.ActiveCfg = Debug|Any CPU
		{14BCFEA4-FEB7-4A00-B49A-24EFB0FF2C48}.Debug|Any CPU.Build.0 = Debug|Any CPU
		{14BCFEA4-FEB7-4A00-B49A-24EFB0FF2C48}.Release|Any CPU.ActiveCfg = Release|Any CPU
		{14BCFEA4-FEB7-4A00-B49A-24EFB0FF2C48}.Release|Any CPU.Build.0 = Release|Any CPU
		{9B22A50E-8F5F-41F2-A45F-1A2A362BEED8}.Debug|Any CPU.ActiveCfg = Debug|Any CPU
		{9B22A50E-8F5F-41F2-A45F-1A2A362BEED8}.Debug|Any CPU.Build.0 = Debug|Any CPU
		{9B22A50E-8F5F-41F2-A45F-1A2A362BEED8}.Release|Any CPU.ActiveCfg = Release|Any CPU
		{9B22A50E-8F5F-41F2-A45F-1A2A362BEED8}.Release|Any CPU.Build.0 = Release|Any CPU
	EndGlobalSection
	GlobalSection(SolutionProperties) = preSolution
		HideSolutionNode = FALSE
	EndGlobalSection
	GlobalSection(ExtensibilityGlobals) = postSolution
		SolutionGuid = {5FECB6DA-8C85-4B44-8AB2-54A3EF059DA5}
	EndGlobalSection
EndGlobal
